{
  "name": "surveys",
  "version": "1.0.0",
  "lockfileVersion": 1,
  "requires": true,
  "dependencies": {
    "http-status-codes": {
      "version": "2.1.2",
      "resolved": "https://registry.npmjs.org/http-status-codes/-/http-status-codes-2.1.2.tgz",
      "integrity": "sha512-zpZ1nBcoR0j1FLQ7xbXXBy1z/yUfAi+0a5IZBoZnmOseYkaljdzQ17ZeVXFlK23IbLxMJn6aWI0uU92DQQrG0g=="
    },
    "marked": {
      "version": "1.1.1",
      "resolved": "https://registry.npmjs.org/marked/-/marked-1.1.1.tgz",
      "integrity": "sha512-mJzT8D2yPxoPh7h0UXkB+dBj4FykPJ2OIfxAWeIHrvoHDkFxukV/29QxoFQoPM6RLEwhIFdJpmKBlqVM3s2ZIw=="
    }
  }
}
